{
  "name": "profiling",
  "version": "1.0.0",
  "lockfileVersion": 2,
  "requires": true,
  "packages": {
    "": {
      "name": "profiling",
      "version": "1.0.0",
      "license": "LGPL-3.0-only",
      "devDependencies": {
        "tsconfig-paths": "^4.1.0"
      }
    },
    "node_modules/json5": {
      "version": "2.2.1",
      "resolved": "https://repox.jfrog.io/repox/api/npm/npm/json5/-/json5-2.2.1.tgz",
      "integrity": "sha512-1hqLFMSrGHRHxav9q9gNjJ5EXznIxGVO09xQRrwplcS8qs28pZ8s8hupZAmqDwZUmVZ2Qb2jnyPOWcDH8m8dlA==",
      "dev": true,
      "bin": {
        "json5": "lib/cli.js"
      },
      "engines": {
        "node": ">=6"
      }
    },
    "node_modules/minimist": {
      "version": "1.2.7",
      "resolved": "https://repox.jfrog.io/repox/api/npm/npm/minimist/-/minimist-1.2.7.tgz",
      "integrity": "sha512-bzfL1YUZsP41gmu/qjrEk0Q6i2ix/cVeAhbCbqH9u3zYutS1cLg00qhrD0M2MVdCcx4Sc0UpP2eBWo9rotpq6g==",
      "dev": true
    },
    "node_modules/strip-bom": {
      "version": "3.0.0",
      "resolved": "https://repox.jfrog.io/repox/api/npm/npm/strip-bom/-/strip-bom-3.0.0.tgz",
      "integrity": "sha512-vavAMRXOgBVNF6nyEEmL3DBK19iRpDcoIwW+swQ+CbGiu7lju6t+JklA1MHweoWtadgt4ISVUsXLyDq34ddcwA==",
      "dev": true,
      "engines": {
        "node": ">=4"
      }
    },
    "node_modules/tsconfig-paths": {
      "version": "4.1.0",
      "resolved": "https://repox.jfrog.io/repox/api/npm/npm/tsconfig-paths/-/tsconfig-paths-4.1.0.tgz",
      "integrity": "sha512-AHx4Euop/dXFC+Vx589alFba8QItjF+8hf8LtmuiCwHyI4rHXQtOOENaM8kvYf5fR0dRChy3wzWIZ9WbB7FWow==",
      "dev": true,
      "dependencies": {
        "json5": "^2.2.1",
        "minimist": "^1.2.6",
        "strip-bom": "^3.0.0"
      },
      "engines": {
        "node": ">=6"
      }
    }
  },
  "dependencies": {
    "json5": {
      "version": "2.2.1",
      "resolved": "https://repox.jfrog.io/repox/api/npm/npm/json5/-/json5-2.2.1.tgz",
      "integrity": "sha512-1hqLFMSrGHRHxav9q9gNjJ5EXznIxGVO09xQRrwplcS8qs28pZ8s8hupZAmqDwZUmVZ2Qb2jnyPOWcDH8m8dlA==",
      "dev": true
    },
    "minimist": {
      "version": "1.2.7",
      "resolved": "https://repox.jfrog.io/repox/api/npm/npm/minimist/-/minimist-1.2.7.tgz",
      "integrity": "sha512-bzfL1YUZsP41gmu/qjrEk0Q6i2ix/cVeAhbCbqH9u3zYutS1cLg00qhrD0M2MVdCcx4Sc0UpP2eBWo9rotpq6g==",
      "dev": true
    },
    "strip-bom": {
      "version": "3.0.0",
      "resolved": "https://repox.jfrog.io/repox/api/npm/npm/strip-bom/-/strip-bom-3.0.0.tgz",
      "integrity": "sha512-vavAMRXOgBVNF6nyEEmL3DBK19iRpDcoIwW+swQ+CbGiu7lju6t+JklA1MHweoWtadgt4ISVUsXLyDq34ddcwA==",
      "dev": true
    },
    "tsconfig-paths": {
      "version": "4.1.0",
      "resolved": "https://repox.jfrog.io/repox/api/npm/npm/tsconfig-paths/-/tsconfig-paths-4.1.0.tgz",
      "integrity": "sha512-AHx4Euop/dXFC+Vx589alFba8QItjF+8hf8LtmuiCwHyI4rHXQtOOENaM8kvYf5fR0dRChy3wzWIZ9WbB7FWow==",
      "dev": true,
      "requires": {
        "json5": "^2.2.1",
        "minimist": "^1.2.6",
        "strip-bom": "^3.0.0"
      }
    }
  }
}
