github.com/google/go-cmp v0.7.0 h1:wk8382ETsv4JYUZwIsn6YpYiWiBsYLSJiTsyBybVuN8=
github.com/google/go-cmp v0.7.0/go.mod h1:pXiqmnSA92OHEEa9HXL2W4E7lf9JzCmGVUdgjX3N/iU=
github.com/microsoft/typescript-go v0.0.0-20260309214900-4a59cd78390d h1:TF9iuMrjoNGAQit8uNPcI1VxHqO/ewAQZlhGNei7kTY=
github.com/microsoft/typescript-go v0.0.0-20260309214900-4a59cd78390d/go.mod h1:GO2o1f4S8ffXDYq+wXWUPwDcyulNVCy0JnU6u6+qK0U=
gotest.tools/v3 v3.5.2 h1:7koQfIKdy+I8UTetycgUqXWSDwpgv193Ka+qRsmBY8Q=
gotest.tools/v3 v3.5.2/go.mod h1:LtdLGcnqToBH83WByAAi/wiwSFCArdFIUV/xxN4pcjA=
