{
  "name": "searchable-parameters-plugin",
  "version": "1.0.0",
  "lockfileVersion": 2,
  "requires": true,
  "packages": {
    "": {
      "name": "searchable-parameters-plugin",
      "version": "1.0.0",
      "license": "LGPL-3.0-only",
      "dependencies": {
        "typedoc": "0.28.12"
      }
    },
    "node_modules/@gerrit0/mini-shiki": {
      "version": "3.12.0",
      "resolved": "https://registry.npmjs.org/@gerrit0/mini-shiki/-/mini-shiki-3.12.0.tgz",
      "integrity": "sha512-CF1vkfe2ViPtmoFEvtUWilEc4dOCiFzV8+J7/vEISSsslKQ97FjeTPNMCqUhZEiKySmKRgK3UO/CxtkyOp7DvA==",
      "dependencies": {
        "@shikijs/engine-oniguruma": "^3.12.0",
        "@shikijs/langs": "^3.12.0",
        "@shikijs/themes": "^3.12.0",
        "@shikijs/types": "^3.12.0",
        "@shikijs/vscode-textmate": "^10.0.2"
      }
    },
    "node_modules/@shikijs/engine-oniguruma": {
      "version": "3.12.0",
      "resolved": "https://registry.npmjs.org/@shikijs/engine-oniguruma/-/engine-oniguruma-3.12.0.tgz",
      "integrity": "sha512-IfDl3oXPbJ/Jr2K8mLeQVpnF+FxjAc7ZPDkgr38uEw/Bg3u638neSrpwqOTnTHXt1aU0Fk1/J+/RBdst1kVqLg==",
      "dependencies": {
        "@shikijs/types": "3.12.0",
        "@shikijs/vscode-textmate": "^10.0.2"
      }
    },
    "node_modules/@shikijs/langs": {
      "version": "3.12.0",
      "resolved": "https://registry.npmjs.org/@shikijs/langs/-/langs-3.12.0.tgz",
      "integrity": "sha512-HIca0daEySJ8zuy9bdrtcBPhcYBo8wR1dyHk1vKrOuwDsITtZuQeGhEkcEfWc6IDyTcom7LRFCH6P7ljGSCEiQ==",
      "dependencies": {
        "@shikijs/types": "3.12.0"
      }
    },
    "node_modules/@shikijs/themes": {
      "version": "3.12.0",
      "resolved": "https://registry.npmjs.org/@shikijs/themes/-/themes-3.12.0.tgz",
      "integrity": "sha512-/lxvQxSI5s4qZLV/AuFaA4Wt61t/0Oka/P9Lmpr1UV+HydNCczO3DMHOC/CsXCCpbv4Zq8sMD0cDa7mvaVoj0Q==",
      "dependencies": {
        "@shikijs/types": "3.12.0"
      }
    },
    "node_modules/@shikijs/types": {
      "version": "3.12.0",
      "resolved": "https://registry.npmjs.org/@shikijs/types/-/types-3.12.0.tgz",
      "integrity": "sha512-jsFzm8hCeTINC3OCmTZdhR9DOl/foJWplH2Px0bTi4m8z59fnsueLsweX82oGcjRQ7mfQAluQYKGoH2VzsWY4A==",
      "dependencies": {
        "@shikijs/vscode-textmate": "^10.0.2",
        "@types/hast": "^3.0.4"
      }
    },
    "node_modules/@shikijs/vscode-textmate": {
      "version": "10.0.2",
      "resolved": "https://registry.npmjs.org/@shikijs/vscode-textmate/-/vscode-textmate-10.0.2.tgz",
      "integrity": "sha512-83yeghZ2xxin3Nj8z1NMd/NCuca+gsYXswywDy5bHvwlWL8tpTQmzGeUuHd9FC3E/SBEMvzJRwWEOz5gGes9Qg=="
    },
    "node_modules/@types/hast": {
      "version": "3.0.4",
      "resolved": "https://registry.npmjs.org/@types/hast/-/hast-3.0.4.tgz",
      "integrity": "sha512-WPs+bbQw5aCj+x6laNGWLH3wviHtoCv/P3+otBhbOhJgG8qtpdAMlTCxLtsTWA7LH1Oh/bFCHsBn0TPS5m30EQ==",
      "dependencies": {
        "@types/unist": "*"
      }
    },
    "node_modules/@types/unist": {
      "version": "3.0.3",
      "resolved": "https://registry.npmjs.org/@types/unist/-/unist-3.0.3.tgz",
      "integrity": "sha512-ko/gIFJRv177XgZsZcBwnqJN5x/Gien8qNOn0D5bQU/zAzVf9Zt3BlcUiLqhV9y4ARk0GbT3tnUiPNgnTXzc/Q=="
    },
    "node_modules/argparse": {
      "version": "2.0.1",
      "resolved": "https://registry.npmjs.org/argparse/-/argparse-2.0.1.tgz",
      "integrity": "sha512-8+9WqebbFzpX9OR+Wa6O29asIogeRMzcGtAINdpMHHyAg10f05aSFVBbcEqGf/PXw1EjAZ+q2/bEBg3DvurK3Q=="
    },
    "node_modules/balanced-match": {
      "version": "1.0.2",
      "resolved": "https://repox.jfrog.io/repox/api/npm/npm/balanced-match/-/balanced-match-1.0.2.tgz",
      "integrity": "sha512-3oSeUO0TMV67hN1AmbXsK4yaqU7tjiHlbxRDZOpH0KW9+CeX4bRAaX0Anxt0tx2MrpRpWwQaPwIlISEJhYU5Pw=="
    },
    "node_modules/brace-expansion": {
      "version": "2.0.1",
      "resolved": "https://repox.jfrog.io/repox/api/npm/npm/brace-expansion/-/brace-expansion-2.0.1.tgz",
      "integrity": "sha512-XnAIvQ8eM+kC6aULx6wuQiwVsnzsi9d3WxzV3FpWTGA19F621kwdbsAcFKXgKUHZWsy+mY6iL1sHTxWEFCytDA==",
      "dependencies": {
        "balanced-match": "^1.0.0"
      }
    },
    "node_modules/entities": {
      "version": "4.5.0",
      "resolved": "https://registry.npmjs.org/entities/-/entities-4.5.0.tgz",
      "integrity": "sha512-V0hjH4dGPh9Ao5p0MoRY6BVqtwCjhz6vI5LT8AJ55H+4g9/4vbHx1I54fS0XuclLhDHArPQCiMjDxjaL8fPxhw==",
      "engines": {
        "node": ">=0.12"
      },
      "funding": {
        "url": "https://github.com/fb55/entities?sponsor=1"
      }
    },
    "node_modules/linkify-it": {
      "version": "5.0.0",
      "resolved": "https://registry.npmjs.org/linkify-it/-/linkify-it-5.0.0.tgz",
      "integrity": "sha512-5aHCbzQRADcdP+ATqnDuhhJ/MRIqDkZX5pyjFHRRysS8vZ5AbqGEoFIb6pYHPZ+L/OC2Lc+xT8uHVVR5CAK/wQ==",
      "dependencies": {
        "uc.micro": "^2.0.0"
      }
    },
    "node_modules/lunr": {
      "version": "2.3.9",
      "resolved": "https://repox.jfrog.io/repox/api/npm/npm/lunr/-/lunr-2.3.9.tgz",
      "integrity": "sha512-zTU3DaZaF3Rt9rhN3uBMGQD3dD2/vFQqnvZCDv4dl5iOzq2IZQqTxu90r4E5J+nP70J3ilqVCrbho2eWaeW8Ow=="
    },
    "node_modules/markdown-it": {
      "version": "14.1.0",
      "resolved": "https://registry.npmjs.org/markdown-it/-/markdown-it-14.1.0.tgz",
      "integrity": "sha512-a54IwgWPaeBCAAsv13YgmALOF1elABB08FxO9i+r4VFk5Vl4pKokRPeX8u5TCgSsPi6ec1otfLjdOpVcgbpshg==",
      "dependencies": {
        "argparse": "^2.0.1",
        "entities": "^4.4.0",
        "linkify-it": "^5.0.0",
        "mdurl": "^2.0.0",
        "punycode.js": "^2.3.1",
        "uc.micro": "^2.1.0"
      },
      "bin": {
        "markdown-it": "bin/markdown-it.mjs"
      }
    },
    "node_modules/mdurl": {
      "version": "2.0.0",
      "resolved": "https://registry.npmjs.org/mdurl/-/mdurl-2.0.0.tgz",
      "integrity": "sha512-Lf+9+2r+Tdp5wXDXC4PcIBjTDtq4UKjCPMQhKIuzpJNW0b96kVqSwW0bT7FhRSfmAiFYgP+SCRvdrDozfh0U5w=="
    },
    "node_modules/minimatch": {
      "version": "9.0.5",
      "resolved": "https://registry.npmjs.org/minimatch/-/minimatch-9.0.5.tgz",
      "integrity": "sha512-G6T0ZX48xgozx7587koeX9Ys2NYy6Gmv//P89sEte9V9whIapMNF4idKxnW2QtCcLiTWlb/wfCabAtAFWhhBow==",
      "dependencies": {
        "brace-expansion": "^2.0.1"
      },
      "engines": {
        "node": ">=16 || 14 >=14.17"
      },
      "funding": {
        "url": "https://github.com/sponsors/isaacs"
      }
    },
    "node_modules/punycode.js": {
      "version": "2.3.1",
      "resolved": "https://registry.npmjs.org/punycode.js/-/punycode.js-2.3.1.tgz",
      "integrity": "sha512-uxFIHU0YlHYhDQtV4R9J6a52SLx28BCjT+4ieh7IGbgwVJWO+km431c4yRlREUAsAmt/uMjQUyQHNEPf0M39CA==",
      "engines": {
        "node": ">=6"
      }
    },
    "node_modules/typedoc": {
      "version": "0.28.12",
      "resolved": "https://registry.npmjs.org/typedoc/-/typedoc-0.28.12.tgz",
      "integrity": "sha512-H5ODu4f7N+myG4MfuSp2Vh6wV+WLoZaEYxKPt2y8hmmqNEMVrH69DAjjdmYivF4tP/C2jrIZCZhPalZlTU/ipA==",
      "dependencies": {
        "@gerrit0/mini-shiki": "^3.12.0",
        "lunr": "^2.3.9",
        "markdown-it": "^14.1.0",
        "minimatch": "^9.0.5",
        "yaml": "^2.8.1"
      },
      "bin": {
        "typedoc": "bin/typedoc"
      },
      "engines": {
        "node": ">= 18",
        "pnpm": ">= 10"
      },
      "peerDependencies": {
        "typescript": "5.0.x || 5.1.x || 5.2.x || 5.3.x || 5.4.x || 5.5.x || 5.6.x || 5.7.x || 5.8.x || 5.9.x"
      }
    },
    "node_modules/typescript": {
      "version": "5.6.3",
      "resolved": "https://registry.npmjs.org/typescript/-/typescript-5.6.3.tgz",
      "integrity": "sha512-hjcS1mhfuyi4WW8IWtjP7brDrG2cuDZukyrYrSauoXGNgx0S7zceP07adYkJycEr56BOUTNPzbInooiN3fn1qw==",
      "peer": true,
      "bin": {
        "tsc": "bin/tsc",
        "tsserver": "bin/tsserver"
      },
      "engines": {
        "node": ">=14.17"
      }
    },
    "node_modules/uc.micro": {
      "version": "2.1.0",
      "resolved": "https://registry.npmjs.org/uc.micro/-/uc.micro-2.1.0.tgz",
      "integrity": "sha512-ARDJmphmdvUk6Glw7y9DQ2bFkKBHwQHLi2lsaH6PPmz/Ka9sFOBsBluozhDltWmnv9u/cF6Rt87znRTPV+yp/A=="
    },
    "node_modules/yaml": {
      "version": "2.8.1",
      "resolved": "https://registry.npmjs.org/yaml/-/yaml-2.8.1.tgz",
      "integrity": "sha512-lcYcMxX2PO9XMGvAJkJ3OsNMw+/7FKes7/hgerGUYWIoWu5j/+YQqcZr5JnPZWzOsEBgMbSbiSTn/dv/69Mkpw==",
      "bin": {
        "yaml": "bin.mjs"
      },
      "engines": {
        "node": ">= 14.6"
      }
    }
  },
  "dependencies": {
    "@gerrit0/mini-shiki": {
      "version": "3.12.0",
      "resolved": "https://registry.npmjs.org/@gerrit0/mini-shiki/-/mini-shiki-3.12.0.tgz",
      "integrity": "sha512-CF1vkfe2ViPtmoFEvtUWilEc4dOCiFzV8+J7/vEISSsslKQ97FjeTPNMCqUhZEiKySmKRgK3UO/CxtkyOp7DvA==",
      "requires": {
        "@shikijs/engine-oniguruma": "^3.12.0",
        "@shikijs/langs": "^3.12.0",
        "@shikijs/themes": "^3.12.0",
        "@shikijs/types": "^3.12.0",
        "@shikijs/vscode-textmate": "^10.0.2"
      }
    },
    "@shikijs/engine-oniguruma": {
      "version": "3.12.0",
      "resolved": "https://registry.npmjs.org/@shikijs/engine-oniguruma/-/engine-oniguruma-3.12.0.tgz",
      "integrity": "sha512-IfDl3oXPbJ/Jr2K8mLeQVpnF+FxjAc7ZPDkgr38uEw/Bg3u638neSrpwqOTnTHXt1aU0Fk1/J+/RBdst1kVqLg==",
      "requires": {
        "@shikijs/types": "3.12.0",
        "@shikijs/vscode-textmate": "^10.0.2"
      }
    },
    "@shikijs/langs": {
      "version": "3.12.0",
      "resolved": "https://registry.npmjs.org/@shikijs/langs/-/langs-3.12.0.tgz",
      "integrity": "sha512-HIca0daEySJ8zuy9bdrtcBPhcYBo8wR1dyHk1vKrOuwDsITtZuQeGhEkcEfWc6IDyTcom7LRFCH6P7ljGSCEiQ==",
      "requires": {
        "@shikijs/types": "3.12.0"
      }
    },
    "@shikijs/themes": {
      "version": "3.12.0",
      "resolved": "https://registry.npmjs.org/@shikijs/themes/-/themes-3.12.0.tgz",
      "integrity": "sha512-/lxvQxSI5s4qZLV/AuFaA4Wt61t/0Oka/P9Lmpr1UV+HydNCczO3DMHOC/CsXCCpbv4Zq8sMD0cDa7mvaVoj0Q==",
      "requires": {
        "@shikijs/types": "3.12.0"
      }
    },
    "@shikijs/types": {
      "version": "3.12.0",
      "resolved": "https://registry.npmjs.org/@shikijs/types/-/types-3.12.0.tgz",
      "integrity": "sha512-jsFzm8hCeTINC3OCmTZdhR9DOl/foJWplH2Px0bTi4m8z59fnsueLsweX82oGcjRQ7mfQAluQYKGoH2VzsWY4A==",
      "requires": {
        "@shikijs/vscode-textmate": "^10.0.2",
        "@types/hast": "^3.0.4"
      }
    },
    "@shikijs/vscode-textmate": {
      "version": "10.0.2",
      "resolved": "https://registry.npmjs.org/@shikijs/vscode-textmate/-/vscode-textmate-10.0.2.tgz",
      "integrity": "sha512-83yeghZ2xxin3Nj8z1NMd/NCuca+gsYXswywDy5bHvwlWL8tpTQmzGeUuHd9FC3E/SBEMvzJRwWEOz5gGes9Qg=="
    },
    "@types/hast": {
      "version": "3.0.4",
      "resolved": "https://registry.npmjs.org/@types/hast/-/hast-3.0.4.tgz",
      "integrity": "sha512-WPs+bbQw5aCj+x6laNGWLH3wviHtoCv/P3+otBhbOhJgG8qtpdAMlTCxLtsTWA7LH1Oh/bFCHsBn0TPS5m30EQ==",
      "requires": {
        "@types/unist": "*"
      }
    },
    "@types/unist": {
      "version": "3.0.3",
      "resolved": "https://registry.npmjs.org/@types/unist/-/unist-3.0.3.tgz",
      "integrity": "sha512-ko/gIFJRv177XgZsZcBwnqJN5x/Gien8qNOn0D5bQU/zAzVf9Zt3BlcUiLqhV9y4ARk0GbT3tnUiPNgnTXzc/Q=="
    },
    "argparse": {
      "version": "2.0.1",
      "resolved": "https://registry.npmjs.org/argparse/-/argparse-2.0.1.tgz",
      "integrity": "sha512-8+9WqebbFzpX9OR+Wa6O29asIogeRMzcGtAINdpMHHyAg10f05aSFVBbcEqGf/PXw1EjAZ+q2/bEBg3DvurK3Q=="
    },
    "balanced-match": {
      "version": "1.0.2",
      "resolved": "https://repox.jfrog.io/repox/api/npm/npm/balanced-match/-/balanced-match-1.0.2.tgz",
      "integrity": "sha512-3oSeUO0TMV67hN1AmbXsK4yaqU7tjiHlbxRDZOpH0KW9+CeX4bRAaX0Anxt0tx2MrpRpWwQaPwIlISEJhYU5Pw=="
    },
    "brace-expansion": {
      "version": "2.0.1",
      "resolved": "https://repox.jfrog.io/repox/api/npm/npm/brace-expansion/-/brace-expansion-2.0.1.tgz",
      "integrity": "sha512-XnAIvQ8eM+kC6aULx6wuQiwVsnzsi9d3WxzV3FpWTGA19F621kwdbsAcFKXgKUHZWsy+mY6iL1sHTxWEFCytDA==",
      "requires": {
        "balanced-match": "^1.0.0"
      }
    },
    "entities": {
      "version": "4.5.0",
      "resolved": "https://registry.npmjs.org/entities/-/entities-4.5.0.tgz",
      "integrity": "sha512-V0hjH4dGPh9Ao5p0MoRY6BVqtwCjhz6vI5LT8AJ55H+4g9/4vbHx1I54fS0XuclLhDHArPQCiMjDxjaL8fPxhw=="
    },
    "linkify-it": {
      "version": "5.0.0",
      "resolved": "https://registry.npmjs.org/linkify-it/-/linkify-it-5.0.0.tgz",
      "integrity": "sha512-5aHCbzQRADcdP+ATqnDuhhJ/MRIqDkZX5pyjFHRRysS8vZ5AbqGEoFIb6pYHPZ+L/OC2Lc+xT8uHVVR5CAK/wQ==",
      "requires": {
        "uc.micro": "^2.0.0"
      }
    },
    "lunr": {
      "version": "2.3.9",
      "resolved": "https://repox.jfrog.io/repox/api/npm/npm/lunr/-/lunr-2.3.9.tgz",
      "integrity": "sha512-zTU3DaZaF3Rt9rhN3uBMGQD3dD2/vFQqnvZCDv4dl5iOzq2IZQqTxu90r4E5J+nP70J3ilqVCrbho2eWaeW8Ow=="
    },
    "markdown-it": {
      "version": "14.1.0",
      "resolved": "https://registry.npmjs.org/markdown-it/-/markdown-it-14.1.0.tgz",
      "integrity": "sha512-a54IwgWPaeBCAAsv13YgmALOF1elABB08FxO9i+r4VFk5Vl4pKokRPeX8u5TCgSsPi6ec1otfLjdOpVcgbpshg==",
      "requires": {
        "argparse": "^2.0.1",
        "entities": "^4.4.0",
        "linkify-it": "^5.0.0",
        "mdurl": "^2.0.0",
        "punycode.js": "^2.3.1",
        "uc.micro": "^2.1.0"
      }
    },
    "mdurl": {
      "version": "2.0.0",
      "resolved": "https://registry.npmjs.org/mdurl/-/mdurl-2.0.0.tgz",
      "integrity": "sha512-Lf+9+2r+Tdp5wXDXC4PcIBjTDtq4UKjCPMQhKIuzpJNW0b96kVqSwW0bT7FhRSfmAiFYgP+SCRvdrDozfh0U5w=="
    },
    "minimatch": {
      "version": "9.0.5",
      "resolved": "https://registry.npmjs.org/minimatch/-/minimatch-9.0.5.tgz",
      "integrity": "sha512-G6T0ZX48xgozx7587koeX9Ys2NYy6Gmv//P89sEte9V9whIapMNF4idKxnW2QtCcLiTWlb/wfCabAtAFWhhBow==",
      "requires": {
        "brace-expansion": "^2.0.1"
      }
    },
    "punycode.js": {
      "version": "2.3.1",
      "resolved": "https://registry.npmjs.org/punycode.js/-/punycode.js-2.3.1.tgz",
      "integrity": "sha512-uxFIHU0YlHYhDQtV4R9J6a52SLx28BCjT+4ieh7IGbgwVJWO+km431c4yRlREUAsAmt/uMjQUyQHNEPf0M39CA=="
    },
    "typedoc": {
      "version": "0.28.12",
      "resolved": "https://registry.npmjs.org/typedoc/-/typedoc-0.28.12.tgz",
      "integrity": "sha512-H5ODu4f7N+myG4MfuSp2Vh6wV+WLoZaEYxKPt2y8hmmqNEMVrH69DAjjdmYivF4tP/C2jrIZCZhPalZlTU/ipA==",
      "requires": {
        "@gerrit0/mini-shiki": "^3.12.0",
        "lunr": "^2.3.9",
        "markdown-it": "^14.1.0",
        "minimatch": "^9.0.5",
        "yaml": "^2.8.1"
      }
    },
    "typescript": {
      "version": "5.6.3",
      "resolved": "https://registry.npmjs.org/typescript/-/typescript-5.6.3.tgz",
      "integrity": "sha512-hjcS1mhfuyi4WW8IWtjP7brDrG2cuDZukyrYrSauoXGNgx0S7zceP07adYkJycEr56BOUTNPzbInooiN3fn1qw==",
      "peer": true
    },
    "uc.micro": {
      "version": "2.1.0",
      "resolved": "https://registry.npmjs.org/uc.micro/-/uc.micro-2.1.0.tgz",
      "integrity": "sha512-ARDJmphmdvUk6Glw7y9DQ2bFkKBHwQHLi2lsaH6PPmz/Ka9sFOBsBluozhDltWmnv9u/cF6Rt87znRTPV+yp/A=="
    },
    "yaml": {
      "version": "2.8.1",
      "resolved": "https://registry.npmjs.org/yaml/-/yaml-2.8.1.tgz",
      "integrity": "sha512-lcYcMxX2PO9XMGvAJkJ3OsNMw+/7FKes7/hgerGUYWIoWu5j/+YQqcZr5JnPZWzOsEBgMbSbiSTn/dv/69Mkpw=="
    }
  }
}
